
Microsoft Visual Studio Solution File, Format Version 12.00
# Visual Studio 14
VisualStudioVersion = 14.0.25420.1
MinimumVisualStudioVersion = 10.0.40219.1
Project("{8BC9CEB8-8B4A-11D0-8D11-00A0C91BC942}") = "Ghost", "Ghost\Ghost.vcxproj", "{67829EF2-4C62-4D62-9B44-C2422BAAC939}"
EndProject
Project("{8BC9CEB8-8B4A-11D0-8D11-00A0C91BC942}") = "Shape", "Shape\Shape.vcxproj", "{22E55135-4F92-4048-8012-F3AD5057795C}"
EndProject
Project("{8BC9CEB8-8B4A-11D0-8D11-00A0C91BC942}") = "ShapeEx", "ShapeEx\ShapeEx.vcxproj", "{6F1DCCD5-3747-4C8E-8E44-159DF69B1669}"
EndProject
Project("{8BC9CEB8-8B4A-11D0-8D11-00A0C91BC942}") = "Image", "Image\Image.vcxproj", "{CEC76D2B-7E3F-4F7F-B536-7FB1AF2BD5D7}"
EndProject
Project("{8BC9CEB8-8B4A-11D0-8D11-00A0C91BC942}") = "Zoom", "Zoom\Zoom.vcxproj", "{25D829C6-F291-488F-BEEB-91E097C134A5}"
EndProject
Project("{8BC9CEB8-8B4A-11D0-8D11-00A0C91BC942}") = "Movie", "Movie\Movie.vcxproj", "{5A790DF4-AAAA-41D2-B9A2-0519300AC281}"
EndProject
Project("{8BC9CEB8-8B4A-11D0-8D11-00A0C91BC942}") = "NewCom", "NewCom\NewCom.vcxproj", "{9D691B99-0DAA-44BF-9F9B-2761034E37D1}"
EndProject
Project("{8BC9CEB8-8B4A-11D0-8D11-00A0C91BC942}") = "IPC", "IPC\IPC.vcxproj", "{1C06E9AF-A324-4094-BC7F-A17E8E6F26B8}"
EndProject
Project("{8BC9CEB8-8B4A-11D0-8D11-00A0C91BC942}") = "Sub", "Sub\Sub.vcxproj", "{F122B18F-6960-4A51-87D1-DA789AAE8FFC}"
EndProject
Project("{8BC9CEB8-8B4A-11D0-8D11-00A0C91BC942}") = "Act", "Act\Act.vcxproj", "{BF7FD7F6-04FC-4C87-8989-8B0A7C9886D8}"
EndProject
Project("{8BC9CEB8-8B4A-11D0-8D11-00A0C91BC942}") = "ImageL", "ImageL\ImageL.vcxproj", "{65635DAA-2AC3-45E5-AB06-E76CE06A3E05}"
EndProject
Project("{8BC9CEB8-8B4A-11D0-8D11-00A0C91BC942}") = "MyWeb", "MyWeb\MyWeb.vcxproj", "{9EB764B7-0EDC-43AB-B7A9-D81D42BB0335}"
EndProject
Project("{8BC9CEB8-8B4A-11D0-8D11-00A0C91BC942}") = "ShaptePrint", "ShaptePrint\ShaptePrint.vcxproj", "{BDC1DFCA-B67A-46AD-BE90-F8DF8FFFEEFC}"
EndProject
Project("{8BC9CEB8-8B4A-11D0-8D11-00A0C91BC942}") = "CapturePrint", "CapturePrint\CapturePrint.vcxproj", "{4FDB2E3C-D499-4E14-9050-89933E89B80A}"
EndProject
Project("{8BC9CEB8-8B4A-11D0-8D11-00A0C91BC942}") = "Count", "Count\Count.vcxproj", "{C3EA5D84-0DB0-4651-9F4F-6C485F2F603B}"
EndProject
Project("{8BC9CEB8-8B4A-11D0-8D11-00A0C91BC942}") = "Map", "Map\Map.vcxproj", "{1291A996-112C-418F-98C0-3CDA6D2F0A55}"
EndProject
Project("{8BC9CEB8-8B4A-11D0-8D11-00A0C91BC942}") = "Map_Sub", "Map_Sub\Map_Sub.vcxproj", "{CF0883F5-B102-48FE-9BDA-6D6104DBF57E}"
EndProject
Project("{8BC9CEB8-8B4A-11D0-8D11-00A0C91BC942}") = "Pass", "Pass\Pass.vcxproj", "{17717430-00AF-4F4D-B809-4A9D0956F000}"
EndProject
Project("{8BC9CEB8-8B4A-11D0-8D11-00A0C91BC942}") = "Call", "Call\Call.vcxproj", "{D11B66C8-144F-47AB-B166-F9B5ABF9640F}"
EndProject
Project("{8BC9CEB8-8B4A-11D0-8D11-00A0C91BC942}") = "Help", "Help\Help.vcxproj", "{51C4F419-6880-4A7B-9139-7EA7CE079758}"
EndProject
Project("{8BC9CEB8-8B4A-11D0-8D11-00A0C91BC942}") = "Server", "Server\Server.vcxproj", "{F29936A8-50B2-4B6F-81D7-4B017D11200F}"
EndProject
Project("{8BC9CEB8-8B4A-11D0-8D11-00A0C91BC942}") = "Client", "Client\Client.vcxproj", "{B3D8DAB0-0233-436F-8B27-2CA0A730C88D}"
EndProject
Project("{8BC9CEB8-8B4A-11D0-8D11-00A0C91BC942}") = "Ftp", "Ftp\Ftp.vcxproj", "{F3ECB0D4-20E8-49E8-8ADF-7F91B5A19C75}"
EndProject
Project("{8BC9CEB8-8B4A-11D0-8D11-00A0C91BC942}") = "Http", "Http\Http.vcxproj", "{5BABD72A-94E7-4387-8625-04C87C93968C}"
EndProject
Project("{8BC9CEB8-8B4A-11D0-8D11-00A0C91BC942}") = "SimpleCom", "SimpleCom\SimpleCom.vcxproj", "{89215AEA-022B-493C-A113-DBE8BB24A4EF}"
EndProject
Global
	GlobalSection(SolutionConfigurationPlatforms) = preSolution
		Debug|x64 = Debug|x64
		Debug|x86 = Debug|x86
		Release|x64 = Release|x64
		Release|x86 = Release|x86
	EndGlobalSection
	GlobalSection(ProjectConfigurationPlatforms) = postSolution
		{67829EF2-4C62-4D62-9B44-C2422BAAC939}.Debug|x64.ActiveCfg = Debug|x64
		{67829EF2-4C62-4D62-9B44-C2422BAAC939}.Debug|x64.Build.0 = Debug|x64
		{67829EF2-4C62-4D62-9B44-C2422BAAC939}.Debug|x86.ActiveCfg = Debug|Win32
		{67829EF2-4C62-4D62-9B44-C2422BAAC939}.Debug|x86.Build.0 = Debug|Win32
		{67829EF2-4C62-4D62-9B44-C2422BAAC939}.Release|x64.ActiveCfg = Release|x64
		{67829EF2-4C62-4D62-9B44-C2422BAAC939}.Release|x64.Build.0 = Release|x64
		{67829EF2-4C62-4D62-9B44-C2422BAAC939}.Release|x86.ActiveCfg = Release|Win32
		{67829EF2-4C62-4D62-9B44-C2422BAAC939}.Release|x86.Build.0 = Release|Win32
		{22E55135-4F92-4048-8012-F3AD5057795C}.Debug|x64.ActiveCfg = Debug|x64
		{22E55135-4F92-4048-8012-F3AD5057795C}.Debug|x64.Build.0 = Debug|x64
		{22E55135-4F92-4048-8012-F3AD5057795C}.Debug|x86.ActiveCfg = Debug|Win32
		{22E55135-4F92-4048-8012-F3AD5057795C}.Debug|x86.Build.0 = Debug|Win32
		{22E55135-4F92-4048-8012-F3AD5057795C}.Release|x64.ActiveCfg = Release|x64
		{22E55135-4F92-4048-8012-F3AD5057795C}.Release|x64.Build.0 = Release|x64
		{22E55135-4F92-4048-8012-F3AD5057795C}.Release|x86.ActiveCfg = Release|Win32
		{22E55135-4F92-4048-8012-F3AD5057795C}.Release|x86.Build.0 = Release|Win32
		{6F1DCCD5-3747-4C8E-8E44-159DF69B1669}.Debug|x64.ActiveCfg = Debug|x64
		{6F1DCCD5-3747-4C8E-8E44-159DF69B1669}.Debug|x64.Build.0 = Debug|x64
		{6F1DCCD5-3747-4C8E-8E44-159DF69B1669}.Debug|x86.ActiveCfg = Debug|Win32
		{6F1DCCD5-3747-4C8E-8E44-159DF69B1669}.Debug|x86.Build.0 = Debug|Win32
		{6F1DCCD5-3747-4C8E-8E44-159DF69B1669}.Release|x64.ActiveCfg = Release|x64
		{6F1DCCD5-3747-4C8E-8E44-159DF69B1669}.Release|x64.Build.0 = Release|x64
		{6F1DCCD5-3747-4C8E-8E44-159DF69B1669}.Release|x86.ActiveCfg = Release|Win32
		{6F1DCCD5-3747-4C8E-8E44-159DF69B1669}.Release|x86.Build.0 = Release|Win32
		{CEC76D2B-7E3F-4F7F-B536-7FB1AF2BD5D7}.Debug|x64.ActiveCfg = Debug|x64
		{CEC76D2B-7E3F-4F7F-B536-7FB1AF2BD5D7}.Debug|x64.Build.0 = Debug|x64
		{CEC76D2B-7E3F-4F7F-B536-7FB1AF2BD5D7}.Debug|x86.ActiveCfg = Debug|Win32
		{CEC76D2B-7E3F-4F7F-B536-7FB1AF2BD5D7}.Debug|x86.Build.0 = Debug|Win32
		{CEC76D2B-7E3F-4F7F-B536-7FB1AF2BD5D7}.Release|x64.ActiveCfg = Release|x64
		{CEC76D2B-7E3F-4F7F-B536-7FB1AF2BD5D7}.Release|x64.Build.0 = Release|x64
		{CEC76D2B-7E3F-4F7F-B536-7FB1AF2BD5D7}.Release|x86.ActiveCfg = Release|Win32
		{CEC76D2B-7E3F-4F7F-B536-7FB1AF2BD5D7}.Release|x86.Build.0 = Release|Win32
		{25D829C6-F291-488F-BEEB-91E097C134A5}.Debug|x64.ActiveCfg = Debug|x64
		{25D829C6-F291-488F-BEEB-91E097C134A5}.Debug|x64.Build.0 = Debug|x64
		{25D829C6-F291-488F-BEEB-91E097C134A5}.Debug|x86.ActiveCfg = Debug|Win32
		{25D829C6-F291-488F-BEEB-91E097C134A5}.Debug|x86.Build.0 = Debug|Win32
		{25D829C6-F291-488F-BEEB-91E097C134A5}.Release|x64.ActiveCfg = Release|x64
		{25D829C6-F291-488F-BEEB-91E097C134A5}.Release|x64.Build.0 = Release|x64
		{25D829C6-F291-488F-BEEB-91E097C134A5}.Release|x86.ActiveCfg = Release|Win32
		{25D829C6-F291-488F-BEEB-91E097C134A5}.Release|x86.Build.0 = Release|Win32
		{5A790DF4-AAAA-41D2-B9A2-0519300AC281}.Debug|x64.ActiveCfg = Debug|x64
		{5A790DF4-AAAA-41D2-B9A2-0519300AC281}.Debug|x64.Build.0 = Debug|x64
		{5A790DF4-AAAA-41D2-B9A2-0519300AC281}.Debug|x86.ActiveCfg = Debug|Win32
		{5A790DF4-AAAA-41D2-B9A2-0519300AC281}.Debug|x86.Build.0 = Debug|Win32
		{5A790DF4-AAAA-41D2-B9A2-0519300AC281}.Release|x64.ActiveCfg = Release|x64
		{5A790DF4-AAAA-41D2-B9A2-0519300AC281}.Release|x64.Build.0 = Release|x64
		{5A790DF4-AAAA-41D2-B9A2-0519300AC281}.Release|x86.ActiveCfg = Release|Win32
		{5A790DF4-AAAA-41D2-B9A2-0519300AC281}.Release|x86.Build.0 = Release|Win32
		{9D691B99-0DAA-44BF-9F9B-2761034E37D1}.Debug|x64.ActiveCfg = Debug|x64
		{9D691B99-0DAA-44BF-9F9B-2761034E37D1}.Debug|x64.Build.0 = Debug|x64
		{9D691B99-0DAA-44BF-9F9B-2761034E37D1}.Debug|x86.ActiveCfg = Debug|Win32
		{9D691B99-0DAA-44BF-9F9B-2761034E37D1}.Debug|x86.Build.0 = Debug|Win32
		{9D691B99-0DAA-44BF-9F9B-2761034E37D1}.Release|x64.ActiveCfg = Release|x64
		{9D691B99-0DAA-44BF-9F9B-2761034E37D1}.Release|x64.Build.0 = Release|x64
		{9D691B99-0DAA-44BF-9F9B-2761034E37D1}.Release|x86.ActiveCfg = Release|Win32
		{9D691B99-0DAA-44BF-9F9B-2761034E37D1}.Release|x86.Build.0 = Release|Win32
		{1C06E9AF-A324-4094-BC7F-A17E8E6F26B8}.Debug|x64.ActiveCfg = Debug|x64
		{1C06E9AF-A324-4094-BC7F-A17E8E6F26B8}.Debug|x64.Build.0 = Debug|x64
		{1C06E9AF-A324-4094-BC7F-A17E8E6F26B8}.Debug|x86.ActiveCfg = Debug|Win32
		{1C06E9AF-A324-4094-BC7F-A17E8E6F26B8}.Debug|x86.Build.0 = Debug|Win32
		{1C06E9AF-A324-4094-BC7F-A17E8E6F26B8}.Release|x64.ActiveCfg = Release|x64
		{1C06E9AF-A324-4094-BC7F-A17E8E6F26B8}.Release|x64.Build.0 = Release|x64
		{1C06E9AF-A324-4094-BC7F-A17E8E6F26B8}.Release|x86.ActiveCfg = Release|Win32
		{1C06E9AF-A324-4094-BC7F-A17E8E6F26B8}.Release|x86.Build.0 = Release|Win32
		{F122B18F-6960-4A51-87D1-DA789AAE8FFC}.Debug|x64.ActiveCfg = Debug|x64
		{F122B18F-6960-4A51-87D1-DA789AAE8FFC}.Debug|x64.Build.0 = Debug|x64
		{F122B18F-6960-4A51-87D1-DA789AAE8FFC}.Debug|x86.ActiveCfg = Debug|Win32
		{F122B18F-6960-4A51-87D1-DA789AAE8FFC}.Debug|x86.Build.0 = Debug|Win32
		{F122B18F-6960-4A51-87D1-DA789AAE8FFC}.Release|x64.ActiveCfg = Release|x64
		{F122B18F-6960-4A51-87D1-DA789AAE8FFC}.Release|x64.Build.0 = Release|x64
		{F122B18F-6960-4A51-87D1-DA789AAE8FFC}.Release|x86.ActiveCfg = Release|Win32
		{F122B18F-6960-4A51-87D1-DA789AAE8FFC}.Release|x86.Build.0 = Release|Win32
		{BF7FD7F6-04FC-4C87-8989-8B0A7C9886D8}.Debug|x64.ActiveCfg = Debug|x64
		{BF7FD7F6-04FC-4C87-8989-8B0A7C9886D8}.Debug|x64.Build.0 = Debug|x64
		{BF7FD7F6-04FC-4C87-8989-8B0A7C9886D8}.Debug|x86.ActiveCfg = Debug|Win32
		{BF7FD7F6-04FC-4C87-8989-8B0A7C9886D8}.Debug|x86.Build.0 = Debug|Win32
		{BF7FD7F6-04FC-4C87-8989-8B0A7C9886D8}.Release|x64.ActiveCfg = Release|x64
		{BF7FD7F6-04FC-4C87-8989-8B0A7C9886D8}.Release|x64.Build.0 = Release|x64
		{BF7FD7F6-04FC-4C87-8989-8B0A7C9886D8}.Release|x86.ActiveCfg = Release|Win32
		{BF7FD7F6-04FC-4C87-8989-8B0A7C9886D8}.Release|x86.Build.0 = Release|Win32
		{65635DAA-2AC3-45E5-AB06-E76CE06A3E05}.Debug|x64.ActiveCfg = Debug|x64
		{65635DAA-2AC3-45E5-AB06-E76CE06A3E05}.Debug|x64.Build.0 = Debug|x64
		{65635DAA-2AC3-45E5-AB06-E76CE06A3E05}.Debug|x86.ActiveCfg = Debug|Win32
		{65635DAA-2AC3-45E5-AB06-E76CE06A3E05}.Debug|x86.Build.0 = Debug|Win32
		{65635DAA-2AC3-45E5-AB06-E76CE06A3E05}.Release|x64.ActiveCfg = Release|x64
		{65635DAA-2AC3-45E5-AB06-E76CE06A3E05}.Release|x64.Build.0 = Release|x64
		{65635DAA-2AC3-45E5-AB06-E76CE06A3E05}.Release|x86.ActiveCfg = Release|Win32
		{65635DAA-2AC3-45E5-AB06-E76CE06A3E05}.Release|x86.Build.0 = Release|Win32
		{9EB764B7-0EDC-43AB-B7A9-D81D42BB0335}.Debug|x64.ActiveCfg = Debug|x64
		{9EB764B7-0EDC-43AB-B7A9-D81D42BB0335}.Debug|x64.Build.0 = Debug|x64
		{9EB764B7-0EDC-43AB-B7A9-D81D42BB0335}.Debug|x86.ActiveCfg = Debug|Win32
		{9EB764B7-0EDC-43AB-B7A9-D81D42BB0335}.Debug|x86.Build.0 = Debug|Win32
		{9EB764B7-0EDC-43AB-B7A9-D81D42BB0335}.Release|x64.ActiveCfg = Release|x64
		{9EB764B7-0EDC-43AB-B7A9-D81D42BB0335}.Release|x64.Build.0 = Release|x64
		{9EB764B7-0EDC-43AB-B7A9-D81D42BB0335}.Release|x86.ActiveCfg = Release|Win32
		{9EB764B7-0EDC-43AB-B7A9-D81D42BB0335}.Release|x86.Build.0 = Release|Win32
		{BDC1DFCA-B67A-46AD-BE90-F8DF8FFFEEFC}.Debug|x64.ActiveCfg = Debug|x64
		{BDC1DFCA-B67A-46AD-BE90-F8DF8FFFEEFC}.Debug|x64.Build.0 = Debug|x64
		{BDC1DFCA-B67A-46AD-BE90-F8DF8FFFEEFC}.Debug|x86.ActiveCfg = Debug|Win32
		{BDC1DFCA-B67A-46AD-BE90-F8DF8FFFEEFC}.Debug|x86.Build.0 = Debug|Win32
		{BDC1DFCA-B67A-46AD-BE90-F8DF8FFFEEFC}.Release|x64.ActiveCfg = Release|x64
		{BDC1DFCA-B67A-46AD-BE90-F8DF8FFFEEFC}.Release|x64.Build.0 = Release|x64
		{BDC1DFCA-B67A-46AD-BE90-F8DF8FFFEEFC}.Release|x86.ActiveCfg = Release|Win32
		{BDC1DFCA-B67A-46AD-BE90-F8DF8FFFEEFC}.Release|x86.Build.0 = Release|Win32
		{4FDB2E3C-D499-4E14-9050-89933E89B80A}.Debug|x64.ActiveCfg = Debug|x64
		{4FDB2E3C-D499-4E14-9050-89933E89B80A}.Debug|x64.Build.0 = Debug|x64
		{4FDB2E3C-D499-4E14-9050-89933E89B80A}.Debug|x86.ActiveCfg = Debug|Win32
		{4FDB2E3C-D499-4E14-9050-89933E89B80A}.Debug|x86.Build.0 = Debug|Win32
		{4FDB2E3C-D499-4E14-9050-89933E89B80A}.Release|x64.ActiveCfg = Release|x64
		{4FDB2E3C-D499-4E14-9050-89933E89B80A}.Release|x64.Build.0 = Release|x64
		{4FDB2E3C-D499-4E14-9050-89933E89B80A}.Release|x86.ActiveCfg = Release|Win32
		{4FDB2E3C-D499-4E14-9050-89933E89B80A}.Release|x86.Build.0 = Release|Win32
		{C3EA5D84-0DB0-4651-9F4F-6C485F2F603B}.Debug|x64.ActiveCfg = Debug|x64
		{C3EA5D84-0DB0-4651-9F4F-6C485F2F603B}.Debug|x64.Build.0 = Debug|x64
		{C3EA5D84-0DB0-4651-9F4F-6C485F2F603B}.Debug|x86.ActiveCfg = Debug|Win32
		{C3EA5D84-0DB0-4651-9F4F-6C485F2F603B}.Debug|x86.Build.0 = Debug|Win32
		{C3EA5D84-0DB0-4651-9F4F-6C485F2F603B}.Release|x64.ActiveCfg = Release|x64
		{C3EA5D84-0DB0-4651-9F4F-6C485F2F603B}.Release|x64.Build.0 = Release|x64
		{C3EA5D84-0DB0-4651-9F4F-6C485F2F603B}.Release|x86.ActiveCfg = Release|Win32
		{C3EA5D84-0DB0-4651-9F4F-6C485F2F603B}.Release|x86.Build.0 = Release|Win32
		{1291A996-112C-418F-98C0-3CDA6D2F0A55}.Debug|x64.ActiveCfg = Debug|x64
		{1291A996-112C-418F-98C0-3CDA6D2F0A55}.Debug|x64.Build.0 = Debug|x64
		{1291A996-112C-418F-98C0-3CDA6D2F0A55}.Debug|x86.ActiveCfg = Debug|Win32
		{1291A996-112C-418F-98C0-3CDA6D2F0A55}.Debug|x86.Build.0 = Debug|Win32
		{1291A996-112C-418F-98C0-3CDA6D2F0A55}.Release|x64.ActiveCfg = Release|x64
		{1291A996-112C-418F-98C0-3CDA6D2F0A55}.Release|x64.Build.0 = Release|x64
		{1291A996-112C-418F-98C0-3CDA6D2F0A55}.Release|x86.ActiveCfg = Release|Win32
		{1291A996-112C-418F-98C0-3CDA6D2F0A55}.Release|x86.Build.0 = Release|Win32
		{CF0883F5-B102-48FE-9BDA-6D6104DBF57E}.Debug|x64.ActiveCfg = Debug|x64
		{CF0883F5-B102-48FE-9BDA-6D6104DBF57E}.Debug|x64.Build.0 = Debug|x64
		{CF0883F5-B102-48FE-9BDA-6D6104DBF57E}.Debug|x86.ActiveCfg = Debug|Win32
		{CF0883F5-B102-48FE-9BDA-6D6104DBF57E}.Debug|x86.Build.0 = Debug|Win32
		{CF0883F5-B102-48FE-9BDA-6D6104DBF57E}.Release|x64.ActiveCfg = Release|x64
		{CF0883F5-B102-48FE-9BDA-6D6104DBF57E}.Release|x64.Build.0 = Release|x64
		{CF0883F5-B102-48FE-9BDA-6D6104DBF57E}.Release|x86.ActiveCfg = Release|Win32
		{CF0883F5-B102-48FE-9BDA-6D6104DBF57E}.Release|x86.Build.0 = Release|Win32
		{17717430-00AF-4F4D-B809-4A9D0956F000}.Debug|x64.ActiveCfg = Debug|x64
		{17717430-00AF-4F4D-B809-4A9D0956F000}.Debug|x64.Build.0 = Debug|x64
		{17717430-00AF-4F4D-B809-4A9D0956F000}.Debug|x86.ActiveCfg = Debug|Win32
		{17717430-00AF-4F4D-B809-4A9D0956F000}.Debug|x86.Build.0 = Debug|Win32
		{17717430-00AF-4F4D-B809-4A9D0956F000}.Release|x64.ActiveCfg = Release|x64
		{17717430-00AF-4F4D-B809-4A9D0956F000}.Release|x64.Build.0 = Release|x64
		{17717430-00AF-4F4D-B809-4A9D0956F000}.Release|x86.ActiveCfg = Release|Win32
		{17717430-00AF-4F4D-B809-4A9D0956F000}.Release|x86.Build.0 = Release|Win32
		{D11B66C8-144F-47AB-B166-F9B5ABF9640F}.Debug|x64.ActiveCfg = Debug|x64
		{D11B66C8-144F-47AB-B166-F9B5ABF9640F}.Debug|x64.Build.0 = Debug|x64
		{D11B66C8-144F-47AB-B166-F9B5ABF9640F}.Debug|x86.ActiveCfg = Debug|Win32
		{D11B66C8-144F-47AB-B166-F9B5ABF9640F}.Debug|x86.Build.0 = Debug|Win32
		{D11B66C8-144F-47AB-B166-F9B5ABF9640F}.Release|x64.ActiveCfg = Release|x64
		{D11B66C8-144F-47AB-B166-F9B5ABF9640F}.Release|x64.Build.0 = Release|x64
		{D11B66C8-144F-47AB-B166-F9B5ABF9640F}.Release|x86.ActiveCfg = Release|Win32
		{D11B66C8-144F-47AB-B166-F9B5ABF9640F}.Release|x86.Build.0 = Release|Win32
		{51C4F419-6880-4A7B-9139-7EA7CE079758}.Debug|x64.ActiveCfg = Debug|x64
		{51C4F419-6880-4A7B-9139-7EA7CE079758}.Debug|x64.Build.0 = Debug|x64
		{51C4F419-6880-4A7B-9139-7EA7CE079758}.Debug|x86.ActiveCfg = Debug|Win32
		{51C4F419-6880-4A7B-9139-7EA7CE079758}.Debug|x86.Build.0 = Debug|Win32
		{51C4F419-6880-4A7B-9139-7EA7CE079758}.Release|x64.ActiveCfg = Release|x64
		{51C4F419-6880-4A7B-9139-7EA7CE079758}.Release|x64.Build.0 = Release|x64
		{51C4F419-6880-4A7B-9139-7EA7CE079758}.Release|x86.ActiveCfg = Release|Win32
		{51C4F419-6880-4A7B-9139-7EA7CE079758}.Release|x86.Build.0 = Release|Win32
		{F29936A8-50B2-4B6F-81D7-4B017D11200F}.Debug|x64.ActiveCfg = Debug|x64
		{F29936A8-50B2-4B6F-81D7-4B017D11200F}.Debug|x64.Build.0 = Debug|x64
		{F29936A8-50B2-4B6F-81D7-4B017D11200F}.Debug|x86.ActiveCfg = Debug|Win32
		{F29936A8-50B2-4B6F-81D7-4B017D11200F}.Debug|x86.Build.0 = Debug|Win32
		{F29936A8-50B2-4B6F-81D7-4B017D11200F}.Release|x64.ActiveCfg = Release|x64
		{F29936A8-50B2-4B6F-81D7-4B017D11200F}.Release|x64.Build.0 = Release|x64
		{F29936A8-50B2-4B6F-81D7-4B017D11200F}.Release|x86.ActiveCfg = Release|Win32
		{F29936A8-50B2-4B6F-81D7-4B017D11200F}.Release|x86.Build.0 = Release|Win32
		{B3D8DAB0-0233-436F-8B27-2CA0A730C88D}.Debug|x64.ActiveCfg = Debug|x64
		{B3D8DAB0-0233-436F-8B27-2CA0A730C88D}.Debug|x64.Build.0 = Debug|x64
		{B3D8DAB0-0233-436F-8B27-2CA0A730C88D}.Debug|x86.ActiveCfg = Debug|Win32
		{B3D8DAB0-0233-436F-8B27-2CA0A730C88D}.Debug|x86.Build.0 = Debug|Win32
		{B3D8DAB0-0233-436F-8B27-2CA0A730C88D}.Release|x64.ActiveCfg = Release|x64
		{B3D8DAB0-0233-436F-8B27-2CA0A730C88D}.Release|x64.Build.0 = Release|x64
		{B3D8DAB0-0233-436F-8B27-2CA0A730C88D}.Release|x86.ActiveCfg = Release|Win32
		{B3D8DAB0-0233-436F-8B27-2CA0A730C88D}.Release|x86.Build.0 = Release|Win32
		{F3ECB0D4-20E8-49E8-8ADF-7F91B5A19C75}.Debug|x64.ActiveCfg = Debug|x64
		{F3ECB0D4-20E8-49E8-8ADF-7F91B5A19C75}.Debug|x64.Build.0 = Debug|x64
		{F3ECB0D4-20E8-49E8-8ADF-7F91B5A19C75}.Debug|x86.ActiveCfg = Debug|Win32
		{F3ECB0D4-20E8-49E8-8ADF-7F91B5A19C75}.Debug|x86.Build.0 = Debug|Win32
		{F3ECB0D4-20E8-49E8-8ADF-7F91B5A19C75}.Release|x64.ActiveCfg = Release|x64
		{F3ECB0D4-20E8-49E8-8ADF-7F91B5A19C75}.Release|x64.Build.0 = Release|x64
		{F3ECB0D4-20E8-49E8-8ADF-7F91B5A19C75}.Release|x86.ActiveCfg = Release|Win32
		{F3ECB0D4-20E8-49E8-8ADF-7F91B5A19C75}.Release|x86.Build.0 = Release|Win32
		{5BABD72A-94E7-4387-8625-04C87C93968C}.Debug|x64.ActiveCfg = Debug|x64
		{5BABD72A-94E7-4387-8625-04C87C93968C}.Debug|x64.Build.0 = Debug|x64
		{5BABD72A-94E7-4387-8625-04C87C93968C}.Debug|x86.ActiveCfg = Debug|Win32
		{5BABD72A-94E7-4387-8625-04C87C93968C}.Debug|x86.Build.0 = Debug|Win32
		{5BABD72A-94E7-4387-8625-04C87C93968C}.Release|x64.ActiveCfg = Release|x64
		{5BABD72A-94E7-4387-8625-04C87C93968C}.Release|x64.Build.0 = Release|x64
		{5BABD72A-94E7-4387-8625-04C87C93968C}.Release|x86.ActiveCfg = Release|Win32
		{5BABD72A-94E7-4387-8625-04C87C93968C}.Release|x86.Build.0 = Release|Win32
		{89215AEA-022B-493C-A113-DBE8BB24A4EF}.Debug|x64.ActiveCfg = Debug|x64
		{89215AEA-022B-493C-A113-DBE8BB24A4EF}.Debug|x64.Build.0 = Debug|x64
		{89215AEA-022B-493C-A113-DBE8BB24A4EF}.Debug|x86.ActiveCfg = Debug|Win32
		{89215AEA-022B-493C-A113-DBE8BB24A4EF}.Debug|x86.Build.0 = Debug|Win32
		{89215AEA-022B-493C-A113-DBE8BB24A4EF}.Release|x64.ActiveCfg = Release|x64
		{89215AEA-022B-493C-A113-DBE8BB24A4EF}.Release|x64.Build.0 = Release|x64
		{89215AEA-022B-493C-A113-DBE8BB24A4EF}.Release|x86.ActiveCfg = Release|Win32
		{89215AEA-022B-493C-A113-DBE8BB24A4EF}.Release|x86.Build.0 = Release|Win32
	EndGlobalSection
	GlobalSection(SolutionProperties) = preSolution
		HideSolutionNode = FALSE
	EndGlobalSection
EndGlobal
